
Microsoft Visual Studio Solution File, Format Version 12.00
# Visual Studio Version 17
VisualStudioVersion = 17.3.32825.248
MinimumVisualStudioVersion = 10.0.40219.1
Project("{FAE04EC0-301F-11D3-BF4B-00C04F79EFBC}") = "TrazabilidadEjemplo", "TrazabilidadEjemplo.csproj", "{57598725-4B98-4976-8670-079D9B1BA959}"
EndProject
Project("{FAE04EC0-301F-11D3-BF4B-00C04F79EFBC}") = "TrazabilidadEjemplo2", "..\TrazabilidadEjemplo2\TrazabilidadEjemplo2.csproj", "{104DD19F-6C5B-49B0-B61C-FAD9F3E397C0}"
EndProject
Global
	GlobalSection(SolutionConfigurationPlatforms) = preSolution
		Debug|Any CPU = Debug|Any CPU
		Release|Any CPU = Release|Any CPU
	EndGlobalSection
	GlobalSection(ProjectConfigurationPlatforms) = postSolution
		{57598725-4B98-4976-8670-079D9B1BA959}.Debug|Any CPU.ActiveCfg = Debug|Any CPU
		{57598725-4B98-4976-8670-079D9B1BA959}.Debug|Any CPU.Build.0 = Debug|Any CPU
		{57598725-4B98-4976-8670-079D9B1BA959}.Release|Any CPU.ActiveCfg = Release|Any CPU
		{57598725-4B98-4976-8670-079D9B1BA959}.Release|Any CPU.Build.0 = Release|Any CPU
		{104DD19F-6C5B-49B0-B61C-FAD9F3E397C0}.Debug|Any CPU.ActiveCfg = Debug|Any CPU
		{104DD19F-6C5B-49B0-B61C-FAD9F3E397C0}.Debug|Any CPU.Build.0 = Debug|Any CPU
		{104DD19F-6C5B-49B0-B61C-FAD9F3E397C0}.Release|Any CPU.ActiveCfg = Release|Any CPU
		{104DD19F-6C5B-49B0-B61C-FAD9F3E397C0}.Release|Any CPU.Build.0 = Release|Any CPU
	EndGlobalSection
	GlobalSection(SolutionProperties) = preSolution
		HideSolutionNode = FALSE
	EndGlobalSection
	GlobalSection(ExtensibilityGlobals) = postSolution
		SolutionGuid = {BBCD9C2A-0386-4A53-BF05-A286C8F807D2}
	EndGlobalSection
EndGlobal
